// !$*UTF8*$!
{
	archiveVersion = 1;
	classes = {
	};
	objectVersion = 46;
	objects = {

/* Begin PBXBuildFile section */
		5B17C53145639CF22B1A7621 /* Pods_appTuukuul.framework in Frameworks */ = {isa = PBXBuildFile; fileRef = 830FEA3982C19A475EA9A252 /* Pods_appTuukuul.framework */; };
		84033D1E1F592C7F004624CC /* PersonalDataTableViewCell.swift in Sources */ = {isa = PBXBuildFile; fileRef = 84033D1D1F592C7F004624CC /* PersonalDataTableViewCell.swift */; };
		840D9D8E1F60DE6A0071195C /* WFileCollectionViewCell.swift in Sources */ = {isa = PBXBuildFile; fileRef = 840D9D8C1F60DE6A0071195C /* WFileCollectionViewCell.swift */; };
		840D9D8F1F60DE6A0071195C /* WTaskTableViewCell.swift in Sources */ = {isa = PBXBuildFile; fileRef = 840D9D8D1F60DE6A0071195C /* WTaskTableViewCell.swift */; };
		8426A4B31F48426600E81BAB /* Constants.swift in Sources */ = {isa = PBXBuildFile; fileRef = 8426A4B21F48426600E81BAB /* Constants.swift */; };
		8426A4B51F4977F000E81BAB /* WorkgroupActions.swift in Sources */ = {isa = PBXBuildFile; fileRef = 8426A4B41F4977F000E81BAB /* WorkgroupActions.swift */; };
		8426A4B71F497A2A00E81BAB /* ReportActions.swift in Sources */ = {isa = PBXBuildFile; fileRef = 8426A4B61F497A2A00E81BAB /* ReportActions.swift */; };
		842788031F57951A002CB06D /* InterestsTableViewCell.swift in Sources */ = {isa = PBXBuildFile; fileRef = 842788021F57951A002CB06D /* InterestsTableViewCell.swift */; };
		846B1B7B1F48256800EA265D /* UIViewController.swift in Sources */ = {isa = PBXBuildFile; fileRef = 846B1B7A1F48256800EA265D /* UIViewController.swift */; };
		846B1B7E1F483A2600EA265D /* UserActions.swift in Sources */ = {isa = PBXBuildFile; fileRef = 846B1B7D1F483A2600EA265D /* UserActions.swift */; };
		846B1B811F483B5D00EA265D /* AppState.swift in Sources */ = {isa = PBXBuildFile; fileRef = 846B1B801F483B5D00EA265D /* AppState.swift */; };
		846B1B831F483B8C00EA265D /* UserState.swift in Sources */ = {isa = PBXBuildFile; fileRef = 846B1B821F483B8C00EA265D /* UserState.swift */; };
		846B1B851F483BA400EA265D /* WorkgroupState.swift in Sources */ = {isa = PBXBuildFile; fileRef = 846B1B841F483BA400EA265D /* WorkgroupState.swift */; };
		846B1B871F483BB400EA265D /* ChatState.swift in Sources */ = {isa = PBXBuildFile; fileRef = 846B1B861F483BB400EA265D /* ChatState.swift */; };
		846B1B8A1F483C3600EA265D /* User.swift in Sources */ = {isa = PBXBuildFile; fileRef = 846B1B891F483C3600EA265D /* User.swift */; };
		846B1B8C1F483C9F00EA265D /* Workgroup.swift in Sources */ = {isa = PBXBuildFile; fileRef = 846B1B8B1F483C9F00EA265D /* Workgroup.swift */; };
		846B1B8F1F483FA500EA265D /* AppReducer.swift in Sources */ = {isa = PBXBuildFile; fileRef = 846B1B8E1F483FA500EA265D /* AppReducer.swift */; };
		846B1B911F48406000EA265D /* UserReducer.swift in Sources */ = {isa = PBXBuildFile; fileRef = 846B1B901F48406000EA265D /* UserReducer.swift */; };
		846B1B941F4840A500EA265D /* UserService.swift in Sources */ = {isa = PBXBuildFile; fileRef = 846B1B931F4840A500EA265D /* UserService.swift */; };
		846B1B961F48413600EA265D /* WorkgroupReducer.swift in Sources */ = {isa = PBXBuildFile; fileRef = 846B1B951F48413600EA265D /* WorkgroupReducer.swift */; };
		846B1B981F4841D400EA265D /* AuthService.swift in Sources */ = {isa = PBXBuildFile; fileRef = 846B1B971F4841D400EA265D /* AuthService.swift */; };
		846B1B9A1F48420000EA265D /* WorkgroupService.swift in Sources */ = {isa = PBXBuildFile; fileRef = 846B1B991F48420000EA265D /* WorkgroupService.swift */; };
		84B984031F4812DD00E7F337 /* AppDelegate.swift in Sources */ = {isa = PBXBuildFile; fileRef = 84B984021F4812DD00E7F337 /* AppDelegate.swift */; };
		84B984051F4812DD00E7F337 /* ViewController.swift in Sources */ = {isa = PBXBuildFile; fileRef = 84B984041F4812DD00E7F337 /* ViewController.swift */; };
		84B984081F4812DD00E7F337 /* Main.storyboard in Resources */ = {isa = PBXBuildFile; fileRef = 84B984061F4812DD00E7F337 /* Main.storyboard */; };
		84B9840A1F4812DD00E7F337 /* Assets.xcassets in Resources */ = {isa = PBXBuildFile; fileRef = 84B984091F4812DD00E7F337 /* Assets.xcassets */; };
		84B9840D1F4812DD00E7F337 /* LaunchScreen.storyboard in Resources */ = {isa = PBXBuildFile; fileRef = 84B9840B1F4812DD00E7F337 /* LaunchScreen.storyboard */; };
		84B984181F4812DE00E7F337 /* appTuukuulTests.swift in Sources */ = {isa = PBXBuildFile; fileRef = 84B984171F4812DE00E7F337 /* appTuukuulTests.swift */; };
		84B984231F4812DE00E7F337 /* appTuukuulUITests.swift in Sources */ = {isa = PBXBuildFile; fileRef = 84B984221F4812DE00E7F337 /* appTuukuulUITests.swift */; };
		84DCCC2B1F6A12D40012BC0D /* PostImgTableViewCell.swift in Sources */ = {isa = PBXBuildFile; fileRef = 84DCCC271F6A12D40012BC0D /* PostImgTableViewCell.swift */; };
		84DCCC2C1F6A12D40012BC0D /* PostMineImgTableViewCell.swift in Sources */ = {isa = PBXBuildFile; fileRef = 84DCCC281F6A12D40012BC0D /* PostMineImgTableViewCell.swift */; };
		84DCCC2D1F6A12D40012BC0D /* PostMineTableViewCell.swift in Sources */ = {isa = PBXBuildFile; fileRef = 84DCCC291F6A12D40012BC0D /* PostMineTableViewCell.swift */; };
		84DCCC2E1F6A12D40012BC0D /* PostTableViewCell.swift in Sources */ = {isa = PBXBuildFile; fileRef = 84DCCC2A1F6A12D40012BC0D /* PostTableViewCell.swift */; };
		84F0FC201F5BC86D003A8DF5 /* WorkgroupTableViewCell.swift in Sources */ = {isa = PBXBuildFile; fileRef = 84F0FC1F1F5BC86D003A8DF5 /* WorkgroupTableViewCell.swift */; };
		84F5FBF01F52532700549E93 /* RecentsController.swift in Sources */ = {isa = PBXBuildFile; fileRef = 84F5FBEF1F52532700549E93 /* RecentsController.swift */; };
		84F5FBF21F52861F00549E93 /* UINavigationController.swift in Sources */ = {isa = PBXBuildFile; fileRef = 84F5FBF11F52861F00549E93 /* UINavigationController.swift */; };
		84F5FBF41F52A15500549E93 /* ProfileController.swift in Sources */ = {isa = PBXBuildFile; fileRef = 84F5FBF31F52A15500549E93 /* ProfileController.swift */; };
		84F5FBF61F52B17A00549E93 /* UIView.swift in Sources */ = {isa = PBXBuildFile; fileRef = 84F5FBF51F52B17A00549E93 /* UIView.swift */; };
		8B6FE1641F578C800040DA17 /* WorkgroupsTableViewController.swift in Sources */ = {isa = PBXBuildFile; fileRef = 8B6FE1631F578C800040DA17 /* WorkgroupsTableViewController.swift */; };
		8B6FE1681F5791600040DA17 /* UIImage.swift in Sources */ = {isa = PBXBuildFile; fileRef = 8B6FE1671F5791600040DA17 /* UIImage.swift */; };
		8B7B7A6B1F60B17F009D51EE /* FilePreviewViewController.swift in Sources */ = {isa = PBXBuildFile; fileRef = 8B7B7A6A1F60B17F009D51EE /* FilePreviewViewController.swift */; };
		8B90F0041F5E098300C27513 /* WorkgroupFile.swift in Sources */ = {isa = PBXBuildFile; fileRef = 8B90F0031F5E098300C27513 /* WorkgroupFile.swift */; };
		8BDA6DA21F5A20A400FB0F6C /* WorkgroupDetailsViewController.swift in Sources */ = {isa = PBXBuildFile; fileRef = 8BDA6DA11F5A20A400FB0F6C /* WorkgroupDetailsViewController.swift */; };
		8BDA6DA41F5A24C500FB0F6C /* WorkgroupFilesViewController.swift in Sources */ = {isa = PBXBuildFile; fileRef = 8BDA6DA31F5A24C500FB0F6C /* WorkgroupFilesViewController.swift */; };
		8BDA6DA61F5A24D600FB0F6C /* WorkgroupTasksViewController.swift in Sources */ = {isa = PBXBuildFile; fileRef = 8BDA6DA51F5A24D600FB0F6C /* WorkgroupTasksViewController.swift */; };
		8BDA6DA81F5A24E400FB0F6C /* WorkgroupChatViewController.swift in Sources */ = {isa = PBXBuildFile; fileRef = 8BDA6DA71F5A24E400FB0F6C /* WorkgroupChatViewController.swift */; };
		9417D7901F60D0C400C073F2 /* TaskDetailsViewController.swift in Sources */ = {isa = PBXBuildFile; fileRef = 9417D78F1F60D0C400C073F2 /* TaskDetailsViewController.swift */; };
		941AF9D41F69F36B001F3AE8 /* PostPreviewViewController.swift in Sources */ = {isa = PBXBuildFile; fileRef = 941AF9D31F69F36B001F3AE8 /* PostPreviewViewController.swift */; };
		94690C121F69086400AA355F /* WorkgroupPost.swift in Sources */ = {isa = PBXBuildFile; fileRef = 94690C111F69086400AA355F /* WorkgroupPost.swift */; };
		94690C181F6913E000AA355F /* String.swift in Sources */ = {isa = PBXBuildFile; fileRef = 94690C171F6913E000AA355F /* String.swift */; };
		94B8AFFB1F5C0031009400DA /* WorkgroupTask.swift in Sources */ = {isa = PBXBuildFile; fileRef = 94B8AFFA1F5C0031009400DA /* WorkgroupTask.swift */; };
/* End PBXBuildFile section */

/* Begin PBXContainerItemProxy section */
		84B984141F4812DE00E7F337 /* PBXContainerItemProxy */ = {
			isa = PBXContainerItemProxy;
			containerPortal = 84B983F71F4812DD00E7F337 /* Project object */;
			proxyType = 1;
			remoteGlobalIDString = 84B983FE1F4812DD00E7F337;
			remoteInfo = appTuukuul;
		};
		84B9841F1F4812DE00E7F337 /* PBXContainerItemProxy */ = {
			isa = PBXContainerItemProxy;
			containerPortal = 84B983F71F4812DD00E7F337 /* Project object */;
			proxyType = 1;
			remoteGlobalIDString = 84B983FE1F4812DD00E7F337;
			remoteInfo = appTuukuul;
		};
/* End PBXContainerItemProxy section */

/* Begin PBXFileReference section */
		830FEA3982C19A475EA9A252 /* Pods_appTuukuul.framework */ = {isa = PBXFileReference; explicitFileType = wrapper.framework; includeInIndex = 0; path = Pods_appTuukuul.framework; sourceTree = BUILT_PRODUCTS_DIR; };
		84033D1D1F592C7F004624CC /* PersonalDataTableViewCell.swift */ = {isa = PBXFileReference; fileEncoding = 4; lastKnownFileType = sourcecode.swift; path = PersonalDataTableViewCell.swift; sourceTree = "<group>"; };
		840D9D8C1F60DE6A0071195C /* WFileCollectionViewCell.swift */ = {isa = PBXFileReference; fileEncoding = 4; lastKnownFileType = sourcecode.swift; path = WFileCollectionViewCell.swift; sourceTree = "<group>"; };
		840D9D8D1F60DE6A0071195C /* WTaskTableViewCell.swift */ = {isa = PBXFileReference; fileEncoding = 4; lastKnownFileType = sourcecode.swift; path = WTaskTableViewCell.swift; sourceTree = "<group>"; };
		8426A4B21F48426600E81BAB /* Constants.swift */ = {isa = PBXFileReference; fileEncoding = 4; lastKnownFileType = sourcecode.swift; path = Constants.swift; sourceTree = "<group>"; };
		8426A4B41F4977F000E81BAB /* WorkgroupActions.swift */ = {isa = PBXFileReference; fileEncoding = 4; lastKnownFileType = sourcecode.swift; path = WorkgroupActions.swift; sourceTree = "<group>"; };
		8426A4B61F497A2A00E81BAB /* ReportActions.swift */ = {isa = PBXFileReference; fileEncoding = 4; lastKnownFileType = sourcecode.swift; path = ReportActions.swift; sourceTree = "<group>"; };
		842788021F57951A002CB06D /* InterestsTableViewCell.swift */ = {isa = PBXFileReference; fileEncoding = 4; lastKnownFileType = sourcecode.swift; path = InterestsTableViewCell.swift; sourceTree = "<group>"; };
		846B1B7A1F48256800EA265D /* UIViewController.swift */ = {isa = PBXFileReference; fileEncoding = 4; lastKnownFileType = sourcecode.swift; path = UIViewController.swift; sourceTree = "<group>"; };
		846B1B7D1F483A2600EA265D /* UserActions.swift */ = {isa = PBXFileReference; fileEncoding = 4; lastKnownFileType = sourcecode.swift; path = UserActions.swift; sourceTree = "<group>"; };
		846B1B801F483B5D00EA265D /* AppState.swift */ = {isa = PBXFileReference; fileEncoding = 4; lastKnownFileType = sourcecode.swift; path = AppState.swift; sourceTree = "<group>"; };
		846B1B821F483B8C00EA265D /* UserState.swift */ = {isa = PBXFileReference; fileEncoding = 4; lastKnownFileType = sourcecode.swift; path = UserState.swift; sourceTree = "<group>"; };
		846B1B841F483BA400EA265D /* WorkgroupState.swift */ = {isa = PBXFileReference; fileEncoding = 4; lastKnownFileType = sourcecode.swift; path = WorkgroupState.swift; sourceTree = "<group>"; };
		846B1B861F483BB400EA265D /* ChatState.swift */ = {isa = PBXFileReference; fileEncoding = 4; lastKnownFileType = sourcecode.swift; path = ChatState.swift; sourceTree = "<group>"; };
		846B1B891F483C3600EA265D /* User.swift */ = {isa = PBXFileReference; fileEncoding = 4; lastKnownFileType = sourcecode.swift; path = User.swift; sourceTree = "<group>"; };
		846B1B8B1F483C9F00EA265D /* Workgroup.swift */ = {isa = PBXFileReference; fileEncoding = 4; lastKnownFileType = sourcecode.swift; path = Workgroup.swift; sourceTree = "<group>"; };
		846B1B8E1F483FA500EA265D /* AppReducer.swift */ = {isa = PBXFileReference; fileEncoding = 4; lastKnownFileType = sourcecode.swift; path = AppReducer.swift; sourceTree = "<group>"; };
		846B1B901F48406000EA265D /* UserReducer.swift */ = {isa = PBXFileReference; fileEncoding = 4; lastKnownFileType = sourcecode.swift; path = UserReducer.swift; sourceTree = "<group>"; };
		846B1B931F4840A500EA265D /* UserService.swift */ = {isa = PBXFileReference; fileEncoding = 4; lastKnownFileType = sourcecode.swift; path = UserService.swift; sourceTree = "<group>"; };
		846B1B951F48413600EA265D /* WorkgroupReducer.swift */ = {isa = PBXFileReference; fileEncoding = 4; lastKnownFileType = sourcecode.swift; path = WorkgroupReducer.swift; sourceTree = "<group>"; };
		846B1B971F4841D400EA265D /* AuthService.swift */ = {isa = PBXFileReference; fileEncoding = 4; lastKnownFileType = sourcecode.swift; path = AuthService.swift; sourceTree = "<group>"; };
		846B1B991F48420000EA265D /* WorkgroupService.swift */ = {isa = PBXFileReference; fileEncoding = 4; lastKnownFileType = sourcecode.swift; path = WorkgroupService.swift; sourceTree = "<group>"; };
		84B983FF1F4812DD00E7F337 /* appTuukuul.app */ = {isa = PBXFileReference; explicitFileType = wrapper.application; includeInIndex = 0; path = appTuukuul.app; sourceTree = BUILT_PRODUCTS_DIR; };
		84B984021F4812DD00E7F337 /* AppDelegate.swift */ = {isa = PBXFileReference; lastKnownFileType = sourcecode.swift; path = AppDelegate.swift; sourceTree = "<group>"; };
		84B984041F4812DD00E7F337 /* ViewController.swift */ = {isa = PBXFileReference; lastKnownFileType = sourcecode.swift; path = ViewController.swift; sourceTree = "<group>"; };
		84B984071F4812DD00E7F337 /* Base */ = {isa = PBXFileReference; lastKnownFileType = file.storyboard; name = Base; path = Base.lproj/Main.storyboard; sourceTree = "<group>"; };
		84B984091F4812DD00E7F337 /* Assets.xcassets */ = {isa = PBXFileReference; lastKnownFileType = folder.assetcatalog; path = Assets.xcassets; sourceTree = "<group>"; };
		84B9840C1F4812DD00E7F337 /* Base */ = {isa = PBXFileReference; lastKnownFileType = file.storyboard; name = Base; path = Base.lproj/LaunchScreen.storyboard; sourceTree = "<group>"; };
		84B9840E1F4812DD00E7F337 /* Info.plist */ = {isa = PBXFileReference; lastKnownFileType = text.plist.xml; path = Info.plist; sourceTree = "<group>"; };
		84B984131F4812DE00E7F337 /* appTuukuulTests.xctest */ = {isa = PBXFileReference; explicitFileType = wrapper.cfbundle; includeInIndex = 0; path = appTuukuulTests.xctest; sourceTree = BUILT_PRODUCTS_DIR; };
		84B984171F4812DE00E7F337 /* appTuukuulTests.swift */ = {isa = PBXFileReference; lastKnownFileType = sourcecode.swift; path = appTuukuulTests.swift; sourceTree = "<group>"; };
		84B984191F4812DE00E7F337 /* Info.plist */ = {isa = PBXFileReference; lastKnownFileType = text.plist.xml; path = Info.plist; sourceTree = "<group>"; };
		84B9841E1F4812DE00E7F337 /* appTuukuulUITests.xctest */ = {isa = PBXFileReference; explicitFileType = wrapper.cfbundle; includeInIndex = 0; path = appTuukuulUITests.xctest; sourceTree = BUILT_PRODUCTS_DIR; };
		84B984221F4812DE00E7F337 /* appTuukuulUITests.swift */ = {isa = PBXFileReference; lastKnownFileType = sourcecode.swift; path = appTuukuulUITests.swift; sourceTree = "<group>"; };
		84B984241F4812DE00E7F337 /* Info.plist */ = {isa = PBXFileReference; lastKnownFileType = text.plist.xml; path = Info.plist; sourceTree = "<group>"; };
		84DCCC271F6A12D40012BC0D /* PostImgTableViewCell.swift */ = {isa = PBXFileReference; fileEncoding = 4; lastKnownFileType = sourcecode.swift; path = PostImgTableViewCell.swift; sourceTree = "<group>"; };
		84DCCC281F6A12D40012BC0D /* PostMineImgTableViewCell.swift */ = {isa = PBXFileReference; fileEncoding = 4; lastKnownFileType = sourcecode.swift; path = PostMineImgTableViewCell.swift; sourceTree = "<group>"; };
		84DCCC291F6A12D40012BC0D /* PostMineTableViewCell.swift */ = {isa = PBXFileReference; fileEncoding = 4; lastKnownFileType = sourcecode.swift; path = PostMineTableViewCell.swift; sourceTree = "<group>"; };
		84DCCC2A1F6A12D40012BC0D /* PostTableViewCell.swift */ = {isa = PBXFileReference; fileEncoding = 4; lastKnownFileType = sourcecode.swift; path = PostTableViewCell.swift; sourceTree = "<group>"; };
		84F0FC1F1F5BC86D003A8DF5 /* WorkgroupTableViewCell.swift */ = {isa = PBXFileReference; fileEncoding = 4; lastKnownFileType = sourcecode.swift; path = WorkgroupTableViewCell.swift; sourceTree = "<group>"; };
		84F5FBEF1F52532700549E93 /* RecentsController.swift */ = {isa = PBXFileReference; fileEncoding = 4; lastKnownFileType = sourcecode.swift; path = RecentsController.swift; sourceTree = "<group>"; };
		84F5FBF11F52861F00549E93 /* UINavigationController.swift */ = {isa = PBXFileReference; fileEncoding = 4; lastKnownFileType = sourcecode.swift; path = UINavigationController.swift; sourceTree = "<group>"; };
		84F5FBF31F52A15500549E93 /* ProfileController.swift */ = {isa = PBXFileReference; fileEncoding = 4; lastKnownFileType = sourcecode.swift; path = ProfileController.swift; sourceTree = "<group>"; };
		84F5FBF51F52B17A00549E93 /* UIView.swift */ = {isa = PBXFileReference; fileEncoding = 4; lastKnownFileType = sourcecode.swift; path = UIView.swift; sourceTree = "<group>"; };
		8B6FE1631F578C800040DA17 /* WorkgroupsTableViewController.swift */ = {isa = PBXFileReference; fileEncoding = 4; lastKnownFileType = sourcecode.swift; path = WorkgroupsTableViewController.swift; sourceTree = "<group>"; };
		8B6FE1671F5791600040DA17 /* UIImage.swift */ = {isa = PBXFileReference; fileEncoding = 4; lastKnownFileType = sourcecode.swift; path = UIImage.swift; sourceTree = "<group>"; };
		8B7B7A6A1F60B17F009D51EE /* FilePreviewViewController.swift */ = {isa = PBXFileReference; fileEncoding = 4; lastKnownFileType = sourcecode.swift; path = FilePreviewViewController.swift; sourceTree = "<group>"; };
		8B90F0031F5E098300C27513 /* WorkgroupFile.swift */ = {isa = PBXFileReference; fileEncoding = 4; lastKnownFileType = sourcecode.swift; path = WorkgroupFile.swift; sourceTree = "<group>"; };
		8BDA6DA11F5A20A400FB0F6C /* WorkgroupDetailsViewController.swift */ = {isa = PBXFileReference; fileEncoding = 4; lastKnownFileType = sourcecode.swift; path = WorkgroupDetailsViewController.swift; sourceTree = "<group>"; };
		8BDA6DA31F5A24C500FB0F6C /* WorkgroupFilesViewController.swift */ = {isa = PBXFileReference; fileEncoding = 4; lastKnownFileType = sourcecode.swift; path = WorkgroupFilesViewController.swift; sourceTree = "<group>"; };
		8BDA6DA51F5A24D600FB0F6C /* WorkgroupTasksViewController.swift */ = {isa = PBXFileReference; fileEncoding = 4; lastKnownFileType = sourcecode.swift; path = WorkgroupTasksViewController.swift; sourceTree = "<group>"; };
		8BDA6DA71F5A24E400FB0F6C /* WorkgroupChatViewController.swift */ = {isa = PBXFileReference; fileEncoding = 4; lastKnownFileType = sourcecode.swift; path = WorkgroupChatViewController.swift; sourceTree = "<group>"; };
		9417D78F1F60D0C400C073F2 /* TaskDetailsViewController.swift */ = {isa = PBXFileReference; fileEncoding = 4; lastKnownFileType = sourcecode.swift; path = TaskDetailsViewController.swift; sourceTree = "<group>"; };
		941AF9D31F69F36B001F3AE8 /* PostPreviewViewController.swift */ = {isa = PBXFileReference; fileEncoding = 4; lastKnownFileType = sourcecode.swift; path = PostPreviewViewController.swift; sourceTree = "<group>"; };
		94690C111F69086400AA355F /* WorkgroupPost.swift */ = {isa = PBXFileReference; fileEncoding = 4; lastKnownFileType = sourcecode.swift; path = WorkgroupPost.swift; sourceTree = "<group>"; };
		94690C171F6913E000AA355F /* String.swift */ = {isa = PBXFileReference; fileEncoding = 4; lastKnownFileType = sourcecode.swift; path = String.swift; sourceTree = "<group>"; };
		94B8AFFA1F5C0031009400DA /* WorkgroupTask.swift */ = {isa = PBXFileReference; fileEncoding = 4; lastKnownFileType = sourcecode.swift; path = WorkgroupTask.swift; sourceTree = "<group>"; };
		B6252D96647306C2BCF6A205 /* Pods_appTuukuulUITests.framework */ = {isa = PBXFileReference; explicitFileType = wrapper.framework; includeInIndex = 0; path = Pods_appTuukuulUITests.framework; sourceTree = BUILT_PRODUCTS_DIR; };
		B8A9550749A41E8C313FBE15 /* Pods-appTuukuul.debug.xcconfig */ = {isa = PBXFileReference; includeInIndex = 1; lastKnownFileType = text.xcconfig; name = "Pods-appTuukuul.debug.xcconfig"; path = "Pods/Target Support Files/Pods-appTuukuul/Pods-appTuukuul.debug.xcconfig"; sourceTree = "<group>"; };
		DD8884BB6F3C97AF0E748562 /* Pods_appTuukuulTests.framework */ = {isa = PBXFileReference; explicitFileType = wrapper.framework; includeInIndex = 0; path = Pods_appTuukuulTests.framework; sourceTree = BUILT_PRODUCTS_DIR; };
		DF8AB154B3B1DC4BD1FD3094 /* Pods-appTuukuul.release.xcconfig */ = {isa = PBXFileReference; includeInIndex = 1; lastKnownFileType = text.xcconfig; name = "Pods-appTuukuul.release.xcconfig"; path = "Pods/Target Support Files/Pods-appTuukuul/Pods-appTuukuul.release.xcconfig"; sourceTree = "<group>"; };
/* End PBXFileReference section */

/* Begin PBXFrameworksBuildPhase section */
		84B983FC1F4812DD00E7F337 /* Frameworks */ = {
			isa = PBXFrameworksBuildPhase;
			buildActionMask = 2147483647;
			files = (
				5B17C53145639CF22B1A7621 /* Pods_appTuukuul.framework in Frameworks */,
			);
			runOnlyForDeploymentPostprocessing = 0;
		};
		84B984101F4812DE00E7F337 /* Frameworks */ = {
			isa = PBXFrameworksBuildPhase;
			buildActionMask = 2147483647;
			files = (
			);
			runOnlyForDeploymentPostprocessing = 0;
		};
		84B9841B1F4812DE00E7F337 /* Frameworks */ = {
			isa = PBXFrameworksBuildPhase;
			buildActionMask = 2147483647;
			files = (
			);
			runOnlyForDeploymentPostprocessing = 0;
		};
/* End PBXFrameworksBuildPhase section */

/* Begin PBXGroup section */
		841BD0951F53FEF8002394A6 /* cells */ = {
			isa = PBXGroup;
			children = (
				840D9D8C1F60DE6A0071195C /* WFileCollectionViewCell.swift */,
				840D9D8D1F60DE6A0071195C /* WTaskTableViewCell.swift */,
				84F0FC1F1F5BC86D003A8DF5 /* WorkgroupTableViewCell.swift */,
				84DCCC271F6A12D40012BC0D /* PostImgTableViewCell.swift */,
				84DCCC281F6A12D40012BC0D /* PostMineImgTableViewCell.swift */,
				84DCCC291F6A12D40012BC0D /* PostMineTableViewCell.swift */,
				84DCCC2A1F6A12D40012BC0D /* PostTableViewCell.swift */,
				842788021F57951A002CB06D /* InterestsTableViewCell.swift */,
				84033D1D1F592C7F004624CC /* PersonalDataTableViewCell.swift */,
			);
			name = cells;
			sourceTree = "<group>";
		};
		846B1B791F4824CA00EA265D /* Extensions */ = {
			isa = PBXGroup;
			children = (
				846B1B7A1F48256800EA265D /* UIViewController.swift */,
				84F5FBF11F52861F00549E93 /* UINavigationController.swift */,
				84F5FBF51F52B17A00549E93 /* UIView.swift */,
				8B6FE1671F5791600040DA17 /* UIImage.swift */,
				94690C171F6913E000AA355F /* String.swift */,
			);
			name = Extensions;
			sourceTree = "<group>";
		};
		846B1B7C1F483A1600EA265D /* Actions */ = {
			isa = PBXGroup;
			children = (
				846B1B7D1F483A2600EA265D /* UserActions.swift */,
				8426A4B41F4977F000E81BAB /* WorkgroupActions.swift */,
				8426A4B61F497A2A00E81BAB /* ReportActions.swift */,
			);
			name = Actions;
			sourceTree = "<group>";
		};
		846B1B7F1F483B4B00EA265D /* States */ = {
			isa = PBXGroup;
			children = (
				846B1B801F483B5D00EA265D /* AppState.swift */,
				846B1B821F483B8C00EA265D /* UserState.swift */,
				846B1B841F483BA400EA265D /* WorkgroupState.swift */,
				846B1B861F483BB400EA265D /* ChatState.swift */,
			);
			name = States;
			sourceTree = "<group>";
		};
		846B1B881F483C2400EA265D /* Models */ = {
			isa = PBXGroup;
			children = (
				846B1B891F483C3600EA265D /* User.swift */,
				846B1B8B1F483C9F00EA265D /* Workgroup.swift */,
				94B8AFFA1F5C0031009400DA /* WorkgroupTask.swift */,
				8B90F0031F5E098300C27513 /* WorkgroupFile.swift */,
				94690C111F69086400AA355F /* WorkgroupPost.swift */,
			);
			name = Models;
			sourceTree = "<group>";
		};
		846B1B8D1F483F9400EA265D /* Reducers */ = {
			isa = PBXGroup;
			children = (
				846B1B8E1F483FA500EA265D /* AppReducer.swift */,
				846B1B901F48406000EA265D /* UserReducer.swift */,
				846B1B951F48413600EA265D /* WorkgroupReducer.swift */,
			);
			name = Reducers;
			sourceTree = "<group>";
		};
		846B1B921F48409400EA265D /* Services */ = {
			isa = PBXGroup;
			children = (
				846B1B931F4840A500EA265D /* UserService.swift */,
				846B1B971F4841D400EA265D /* AuthService.swift */,
				846B1B991F48420000EA265D /* WorkgroupService.swift */,
			);
			name = Services;
			sourceTree = "<group>";
		};
		84B983F61F4812DD00E7F337 = {
			isa = PBXGroup;
			children = (
				84B984011F4812DD00E7F337 /* appTuukuul */,
				84B984161F4812DE00E7F337 /* appTuukuulTests */,
				84B984211F4812DE00E7F337 /* appTuukuulUITests */,
				84B984001F4812DD00E7F337 /* Products */,
				FBBA2508B4B29A61C70ED6C2 /* Pods */,
				9EE7CAE4F9DC0E172D2B0CF1 /* Frameworks */,
			);
			sourceTree = "<group>";
		};
		84B984001F4812DD00E7F337 /* Products */ = {
			isa = PBXGroup;
			children = (
				84B983FF1F4812DD00E7F337 /* appTuukuul.app */,
				84B984131F4812DE00E7F337 /* appTuukuulTests.xctest */,
				84B9841E1F4812DE00E7F337 /* appTuukuulUITests.xctest */,
			);
			name = Products;
			sourceTree = "<group>";
		};
		84B984011F4812DD00E7F337 /* appTuukuul */ = {
			isa = PBXGroup;
			children = (
				841BD0951F53FEF8002394A6 /* cells */,
				846B1B921F48409400EA265D /* Services */,
				846B1B8D1F483F9400EA265D /* Reducers */,
				846B1B881F483C2400EA265D /* Models */,
				846B1B7F1F483B4B00EA265D /* States */,
				846B1B7C1F483A1600EA265D /* Actions */,
				846B1B791F4824CA00EA265D /* Extensions */,
				84B984301F48201900E7F337 /* Controllers */,
				84B984021F4812DD00E7F337 /* AppDelegate.swift */,
				84B984061F4812DD00E7F337 /* Main.storyboard */,
				84B984091F4812DD00E7F337 /* Assets.xcassets */,
				84B9840B1F4812DD00E7F337 /* LaunchScreen.storyboard */,
				84B9840E1F4812DD00E7F337 /* Info.plist */,
				8426A4B21F48426600E81BAB /* Constants.swift */,
			);
			path = appTuukuul;
			sourceTree = "<group>";
		};
		84B984161F4812DE00E7F337 /* appTuukuulTests */ = {
			isa = PBXGroup;
			children = (
				84B984171F4812DE00E7F337 /* appTuukuulTests.swift */,
				84B984191F4812DE00E7F337 /* Info.plist */,
			);
			path = appTuukuulTests;
			sourceTree = "<group>";
		};
		84B984211F4812DE00E7F337 /* appTuukuulUITests */ = {
			isa = PBXGroup;
			children = (
				84B984221F4812DE00E7F337 /* appTuukuulUITests.swift */,
				84B984241F4812DE00E7F337 /* Info.plist */,
			);
			path = appTuukuulUITests;
			sourceTree = "<group>";
		};
		84B984301F48201900E7F337 /* Controllers */ = {
			isa = PBXGroup;
			children = (
				84B984041F4812DD00E7F337 /* ViewController.swift */,
				84F5FBEF1F52532700549E93 /* RecentsController.swift */,
				84F5FBF31F52A15500549E93 /* ProfileController.swift */,
				8B6FE1631F578C800040DA17 /* WorkgroupsTableViewController.swift */,
				8BDA6DA11F5A20A400FB0F6C /* WorkgroupDetailsViewController.swift */,
				8BDA6DA31F5A24C500FB0F6C /* WorkgroupFilesViewController.swift */,
				8BDA6DA51F5A24D600FB0F6C /* WorkgroupTasksViewController.swift */,
				8BDA6DA71F5A24E400FB0F6C /* WorkgroupChatViewController.swift */,
				8B7B7A6A1F60B17F009D51EE /* FilePreviewViewController.swift */,
				9417D78F1F60D0C400C073F2 /* TaskDetailsViewController.swift */,
				941AF9D31F69F36B001F3AE8 /* PostPreviewViewController.swift */,
			);
			name = Controllers;
			sourceTree = "<group>";
		};
		9EE7CAE4F9DC0E172D2B0CF1 /* Frameworks */ = {
			isa = PBXGroup;
			children = (
				830FEA3982C19A475EA9A252 /* Pods_appTuukuul.framework */,
				DD8884BB6F3C97AF0E748562 /* Pods_appTuukuulTests.framework */,
				B6252D96647306C2BCF6A205 /* Pods_appTuukuulUITests.framework */,
			);
			name = Frameworks;
			sourceTree = "<group>";
		};
		FBBA2508B4B29A61C70ED6C2 /* Pods */ = {
			isa = PBXGroup;
			children = (
				B8A9550749A41E8C313FBE15 /* Pods-appTuukuul.debug.xcconfig */,
				DF8AB154B3B1DC4BD1FD3094 /* Pods-appTuukuul.release.xcconfig */,
			);
			name = Pods;
			sourceTree = "<group>";
		};
/* End PBXGroup section */

/* Begin PBXNativeTarget section */
		84B983FE1F4812DD00E7F337 /* appTuukuul */ = {
			isa = PBXNativeTarget;
			buildConfigurationList = 84B984271F4812DE00E7F337 /* Build configuration list for PBXNativeTarget "appTuukuul" */;
			buildPhases = (
				0132C54134B86768711A2C9A /* [CP] Check Pods Manifest.lock */,
				84B983FB1F4812DD00E7F337 /* Sources */,
				84B983FC1F4812DD00E7F337 /* Frameworks */,
				84B983FD1F4812DD00E7F337 /* Resources */,
				1C3BA88CA5DF45CC543B98CF /* [CP] Embed Pods Frameworks */,
				EF531DE992ACE1135BC8D724 /* [CP] Copy Pods Resources */,
			);
			buildRules = (
			);
			dependencies = (
			);
			name = appTuukuul;
			productName = appTuukuul;
			productReference = 84B983FF1F4812DD00E7F337 /* appTuukuul.app */;
			productType = "com.apple.product-type.application";
		};
		84B984121F4812DE00E7F337 /* appTuukuulTests */ = {
			isa = PBXNativeTarget;
			buildConfigurationList = 84B9842A1F4812DE00E7F337 /* Build configuration list for PBXNativeTarget "appTuukuulTests" */;
			buildPhases = (
				84B9840F1F4812DE00E7F337 /* Sources */,
				84B984101F4812DE00E7F337 /* Frameworks */,
				84B984111F4812DE00E7F337 /* Resources */,
			);
			buildRules = (
			);
			dependencies = (
				84B984151F4812DE00E7F337 /* PBXTargetDependency */,
			);
			name = appTuukuulTests;
			productName = appTuukuulTests;
			productReference = 84B984131F4812DE00E7F337 /* appTuukuulTests.xctest */;
			productType = "com.apple.product-type.bundle.unit-test";
		};
		84B9841D1F4812DE00E7F337 /* appTuukuulUITests */ = {
			isa = PBXNativeTarget;
			buildConfigurationList = 84B9842D1F4812DE00E7F337 /* Build configuration list for PBXNativeTarget "appTuukuulUITests" */;
			buildPhases = (
				84B9841A1F4812DE00E7F337 /* Sources */,
				84B9841B1F4812DE00E7F337 /* Frameworks */,
				84B9841C1F4812DE00E7F337 /* Resources */,
			);
			buildRules = (
			);
			dependencies = (
				84B984201F4812DE00E7F337 /* PBXTargetDependency */,
			);
			name = appTuukuulUITests;
			productName = appTuukuulUITests;
			productReference = 84B9841E1F4812DE00E7F337 /* appTuukuulUITests.xctest */;
			productType = "com.apple.product-type.bundle.ui-testing";
		};
/* End PBXNativeTarget section */

/* Begin PBXProject section */
		84B983F71F4812DD00E7F337 /* Project object */ = {
			isa = PBXProject;
			attributes = {
				LastSwiftUpdateCheck = 0830;
				LastUpgradeCheck = 0830;
				ORGANIZATIONNAME = tuukuul;
				TargetAttributes = {
					84B983FE1F4812DD00E7F337 = {
						CreatedOnToolsVersion = 8.3.2;
						DevelopmentTeam = XSFS8X2N87;
						ProvisioningStyle = Automatic;
					};
					84B984121F4812DE00E7F337 = {
						CreatedOnToolsVersion = 8.3.2;
						DevelopmentTeam = 42R6MX9256;
						ProvisioningStyle = Automatic;
						TestTargetID = 84B983FE1F4812DD00E7F337;
					};
					84B9841D1F4812DE00E7F337 = {
						CreatedOnToolsVersion = 8.3.2;
						DevelopmentTeam = 42R6MX9256;
						ProvisioningStyle = Automatic;
						TestTargetID = 84B983FE1F4812DD00E7F337;
					};
				};
			};
			buildConfigurationList = 84B983FA1F4812DD00E7F337 /* Build configuration list for PBXProject "appTuukuul" */;
			compatibilityVersion = "Xcode 3.2";
			developmentRegion = English;
			hasScannedForEncodings = 0;
			knownRegions = (
				en,
				Base,
			);
			mainGroup = 84B983F61F4812DD00E7F337;
			productRefGroup = 84B984001F4812DD00E7F337 /* Products */;
			projectDirPath = "";
			projectRoot = "";
			targets = (
				84B983FE1F4812DD00E7F337 /* appTuukuul */,
				84B984121F4812DE00E7F337 /* appTuukuulTests */,
				84B9841D1F4812DE00E7F337 /* appTuukuulUITests */,
			);
		};
/* End PBXProject section */

/* Begin PBXResourcesBuildPhase section */
		84B983FD1F4812DD00E7F337 /* Resources */ = {
			isa = PBXResourcesBuildPhase;
			buildActionMask = 2147483647;
			files = (
				84B9840D1F4812DD00E7F337 /* LaunchScreen.storyboard in Resources */,
				84B9840A1F4812DD00E7F337 /* Assets.xcassets in Resources */,
				84B984081F4812DD00E7F337 /* Main.storyboard in Resources */,
			);
			runOnlyForDeploymentPostprocessing = 0;
		};
		84B984111F4812DE00E7F337 /* Resources */ = {
			isa = PBXResourcesBuildPhase;
			buildActionMask = 2147483647;
			files = (
			);
			runOnlyForDeploymentPostprocessing = 0;
		};
		84B9841C1F4812DE00E7F337 /* Resources */ = {
			isa = PBXResourcesBuildPhase;
			buildActionMask = 2147483647;
			files = (
			);
			runOnlyForDeploymentPostprocessing = 0;
		};
/* End PBXResourcesBuildPhase section */

/* Begin PBXShellScriptBuildPhase section */
		0132C54134B86768711A2C9A /* [CP] Check Pods Manifest.lock */ = {
			isa = PBXShellScriptBuildPhase;
			buildActionMask = 2147483647;
			files = (
			);
			inputPaths = (
				"${PODS_PODFILE_DIR_PATH}/Podfile.lock",
				"${PODS_ROOT}/Manifest.lock",
			);
			name = "[CP] Check Pods Manifest.lock";
			outputPaths = (
				"$(DERIVED_FILE_DIR)/Pods-appTuukuul-checkManifestLockResult.txt",
			);
			runOnlyForDeploymentPostprocessing = 0;
			shellPath = /bin/sh;
			shellScript = "diff \"${PODS_PODFILE_DIR_PATH}/Podfile.lock\" \"${PODS_ROOT}/Manifest.lock\" > /dev/null\nif [ $? != 0 ] ; then\n    # print error to STDERR\n    echo \"error: The sandbox is not in sync with the Podfile.lock. Run 'pod install' or update your CocoaPods installation.\" >&2\n    exit 1\nfi\n# This output is used by Xcode 'outputs' to avoid re-running this script phase.\necho \"SUCCESS\" > \"${SCRIPT_OUTPUT_FILE_0}\"\n";
			showEnvVarsInLog = 0;
		};
		1C3BA88CA5DF45CC543B98CF /* [CP] Embed Pods Frameworks */ = {
			isa = PBXShellScriptBuildPhase;
			buildActionMask = 2147483647;
			files = (
			);
			inputPaths = (
				"${SRCROOT}/Pods/Target Support Files/Pods-appTuukuul/Pods-appTuukuul-frameworks.sh",
				"${BUILT_PRODUCTS_DIR}/Alamofire/Alamofire.framework",
				"${BUILT_PRODUCTS_DIR}/KDLoadingView/KDLoadingView.framework",
				"${BUILT_PRODUCTS_DIR}/ModelMapper/Mapper.framework",
				"${BUILT_PRODUCTS_DIR}/Moya/Moya.framework",
				"${BUILT_PRODUCTS_DIR}/Moya-ModelMapper/Moya_ModelMapper.framework",
				"${BUILT_PRODUCTS_DIR}/PusherSwift/PusherSwift.framework",
				"${BUILT_PRODUCTS_DIR}/ReSwift/ReSwift.framework",
				"${BUILT_PRODUCTS_DIR}/ReSwiftRecorder/ReSwiftRecorder.framework",
				"${BUILT_PRODUCTS_DIR}/ReSwiftRouter/ReSwiftRouter.framework",
				"${BUILT_PRODUCTS_DIR}/Result/Result.framework",
				"${BUILT_PRODUCTS_DIR}/SwipeCellKit/SwipeCellKit.framework",
				"${BUILT_PRODUCTS_DIR}/Whisper/Whisper.framework",
				"${BUILT_PRODUCTS_DIR}/XLPagerTabStrip/XLPagerTabStrip.framework",
			);
			name = "[CP] Embed Pods Frameworks";
			outputPaths = (
				"${TARGET_BUILD_DIR}/${FRAMEWORKS_FOLDER_PATH}/Alamofire.framework",
				"${TARGET_BUILD_DIR}/${FRAMEWORKS_FOLDER_PATH}/KDLoadingView.framework",
				"${TARGET_BUILD_DIR}/${FRAMEWORKS_FOLDER_PATH}/Mapper.framework",
				"${TARGET_BUILD_DIR}/${FRAMEWORKS_FOLDER_PATH}/Moya.framework",
				"${TARGET_BUILD_DIR}/${FRAMEWORKS_FOLDER_PATH}/Moya_ModelMapper.framework",
				"${TARGET_BUILD_DIR}/${FRAMEWORKS_FOLDER_PATH}/PusherSwift.framework",
				"${TARGET_BUILD_DIR}/${FRAMEWORKS_FOLDER_PATH}/ReSwift.framework",
				"${TARGET_BUILD_DIR}/${FRAMEWORKS_FOLDER_PATH}/ReSwiftRecorder.framework",
				"${TARGET_BUILD_DIR}/${FRAMEWORKS_FOLDER_PATH}/ReSwiftRouter.framework",
				"${TARGET_BUILD_DIR}/${FRAMEWORKS_FOLDER_PATH}/Result.framework",
				"${TARGET_BUILD_DIR}/${FRAMEWORKS_FOLDER_PATH}/SwipeCellKit.framework",
				"${TARGET_BUILD_DIR}/${FRAMEWORKS_FOLDER_PATH}/Whisper.framework",
				"${TARGET_BUILD_DIR}/${FRAMEWORKS_FOLDER_PATH}/XLPagerTabStrip.framework",
			);
			runOnlyForDeploymentPostprocessing = 0;
			shellPath = /bin/sh;
			shellScript = "\"${SRCROOT}/Pods/Target Support Files/Pods-appTuukuul/Pods-appTuukuul-frameworks.sh\"\n";
			showEnvVarsInLog = 0;
		};
		EF531DE992ACE1135BC8D724 /* [CP] Copy Pods Resources */ = {
			isa = PBXShellScriptBuildPhase;
			buildActionMask = 2147483647;
			files = (
			);
			inputPaths = (
			);
			name = "[CP] Copy Pods Resources";
			outputPaths = (
			);
			runOnlyForDeploymentPostprocessing = 0;
			shellPath = /bin/sh;
			shellScript = "\"${SRCROOT}/Pods/Target Support Files/Pods-appTuukuul/Pods-appTuukuul-resources.sh\"\n";
			showEnvVarsInLog = 0;
		};
/* End PBXShellScriptBuildPhase section */

/* Begin PBXSourcesBuildPhase section */
		84B983FB1F4812DD00E7F337 /* Sources */ = {
			isa = PBXSourcesBuildPhase;
			buildActionMask = 2147483647;
			files = (
				8B6FE1641F578C800040DA17 /* WorkgroupsTableViewController.swift in Sources */,
				846B1B831F483B8C00EA265D /* UserState.swift in Sources */,
				941AF9D41F69F36B001F3AE8 /* PostPreviewViewController.swift in Sources */,
				84F5FBF41F52A15500549E93 /* ProfileController.swift in Sources */,
				8426A4B31F48426600E81BAB /* Constants.swift in Sources */,
				84033D1E1F592C7F004624CC /* PersonalDataTableViewCell.swift in Sources */,
				842788031F57951A002CB06D /* InterestsTableViewCell.swift in Sources */,
				8426A4B71F497A2A00E81BAB /* ReportActions.swift in Sources */,
				84DCCC2D1F6A12D40012BC0D /* PostMineTableViewCell.swift in Sources */,
				94690C121F69086400AA355F /* WorkgroupPost.swift in Sources */,
				8426A4B51F4977F000E81BAB /* WorkgroupActions.swift in Sources */,
				846B1B911F48406000EA265D /* UserReducer.swift in Sources */,
				8BDA6DA81F5A24E400FB0F6C /* WorkgroupChatViewController.swift in Sources */,
				84F0FC201F5BC86D003A8DF5 /* WorkgroupTableViewCell.swift in Sources */,
				8BDA6DA41F5A24C500FB0F6C /* WorkgroupFilesViewController.swift in Sources */,
				846B1B9A1F48420000EA265D /* WorkgroupService.swift in Sources */,
				84F5FBF61F52B17A00549E93 /* UIView.swift in Sources */,
				84DCCC2E1F6A12D40012BC0D /* PostTableViewCell.swift in Sources */,
				84F5FBF01F52532700549E93 /* RecentsController.swift in Sources */,
				846B1B8F1F483FA500EA265D /* AppReducer.swift in Sources */,
				840D9D8E1F60DE6A0071195C /* WFileCollectionViewCell.swift in Sources */,
				8B6FE1681F5791600040DA17 /* UIImage.swift in Sources */,
				846B1B7E1F483A2600EA265D /* UserActions.swift in Sources */,
				846B1B8C1F483C9F00EA265D /* Workgroup.swift in Sources */,
				94B8AFFB1F5C0031009400DA /* WorkgroupTask.swift in Sources */,
				846B1B961F48413600EA265D /* WorkgroupReducer.swift in Sources */,
				94690C181F6913E000AA355F /* String.swift in Sources */,
				846B1B811F483B5D00EA265D /* AppState.swift in Sources */,
				84DCCC2C1F6A12D40012BC0D /* PostMineImgTableViewCell.swift in Sources */,
				846B1B941F4840A500EA265D /* UserService.swift in Sources */,
				9417D7901F60D0C400C073F2 /* TaskDetailsViewController.swift in Sources */,
				846B1B871F483BB400EA265D /* ChatState.swift in Sources */,
				846B1B851F483BA400EA265D /* WorkgroupState.swift in Sources */,
				8BDA6DA21F5A20A400FB0F6C /* WorkgroupDetailsViewController.swift in Sources */,
				84DCCC2B1F6A12D40012BC0D /* PostImgTableViewCell.swift in Sources */,
				846B1B8A1F483C3600EA265D /* User.swift in Sources */,
				84B984051F4812DD00E7F337 /* ViewController.swift in Sources */,
				846B1B981F4841D400EA265D /* AuthService.swift in Sources */,
				8B90F0041F5E098300C27513 /* WorkgroupFile.swift in Sources */,
				8BDA6DA61F5A24D600FB0F6C /* WorkgroupTasksViewController.swift in Sources */,
				84B984031F4812DD00E7F337 /* AppDelegate.swift in Sources */,
				84F5FBF21F52861F00549E93 /* UINavigationController.swift in Sources */,
				846B1B7B1F48256800EA265D /* UIViewController.swift in Sources */,
				840D9D8F1F60DE6A0071195C /* WTaskTableViewCell.swift in Sources */,
				8B7B7A6B1F60B17F009D51EE /* FilePreviewViewController.swift in Sources */,
			);
			runOnlyForDeploymentPostprocessing = 0;
		};
		84B9840F1F4812DE00E7F337 /* Sources */ = {
			isa = PBXSourcesBuildPhase;
			buildActionMask = 2147483647;
			files = (
				84B984181F4812DE00E7F337 /* appTuukuulTests.swift in Sources */,
			);
			runOnlyForDeploymentPostprocessing = 0;
		};
		84B9841A1F4812DE00E7F337 /* Sources */ = {
			isa = PBXSourcesBuildPhase;
			buildActionMask = 2147483647;
			files = (
				84B984231F4812DE00E7F337 /* appTuukuulUITests.swift in Sources */,
			);
			runOnlyForDeploymentPostprocessing = 0;
		};
/* End PBXSourcesBuildPhase section */

/* Begin PBXTargetDependency section */
		84B984151F4812DE00E7F337 /* PBXTargetDependency */ = {
			isa = PBXTargetDependency;
			target = 84B983FE1F4812DD00E7F337 /* appTuukuul */;
			targetProxy = 84B984141F4812DE00E7F337 /* PBXContainerItemProxy */;
		};
		84B984201F4812DE00E7F337 /* PBXTargetDependency */ = {
			isa = PBXTargetDependency;
			target = 84B983FE1F4812DD00E7F337 /* appTuukuul */;
			targetProxy = 84B9841F1F4812DE00E7F337 /* PBXContainerItemProxy */;
		};
/* End PBXTargetDependency section */

/* Begin PBXVariantGroup section */
		84B984061F4812DD00E7F337 /* Main.storyboard */ = {
			isa = PBXVariantGroup;
			children = (
				84B984071F4812DD00E7F337 /* Base */,
			);
			name = Main.storyboard;
			sourceTree = "<group>";
		};
		84B9840B1F4812DD00E7F337 /* LaunchScreen.storyboard */ = {
			isa = PBXVariantGroup;
			children = (
				84B9840C1F4812DD00E7F337 /* Base */,
			);
			name = LaunchScreen.storyboard;
			sourceTree = "<group>";
		};
/* End PBXVariantGroup section */

/* Begin XCBuildConfiguration section */
		84B984251F4812DE00E7F337 /* Debug */ = {
			isa = XCBuildConfiguration;
			buildSettings = {
				ALWAYS_SEARCH_USER_PATHS = NO;
				CLANG_ANALYZER_NONNULL = YES;
				CLANG_ANALYZER_NUMBER_OBJECT_CONVERSION = YES_AGGRESSIVE;
				CLANG_CXX_LANGUAGE_STANDARD = "gnu++0x";
				CLANG_CXX_LIBRARY = "libc++";
				CLANG_ENABLE_MODULES = YES;
				CLANG_ENABLE_OBJC_ARC = YES;
				CLANG_WARN_BOOL_CONVERSION = YES;
				CLANG_WARN_CONSTANT_CONVERSION = YES;
				CLANG_WARN_DIRECT_OBJC_ISA_USAGE = YES_ERROR;
				CLANG_WARN_DOCUMENTATION_COMMENTS = YES;
				CLANG_WARN_EMPTY_BODY = YES;
				CLANG_WARN_ENUM_CONVERSION = YES;
				CLANG_WARN_INFINITE_RECURSION = YES;
				CLANG_WARN_INT_CONVERSION = YES;
				CLANG_WARN_OBJC_ROOT_CLASS = YES_ERROR;
				CLANG_WARN_SUSPICIOUS_MOVE = YES;
				CLANG_WARN_UNREACHABLE_CODE = YES;
				CLANG_WARN__DUPLICATE_METHOD_MATCH = YES;
				"CODE_SIGN_IDENTITY[sdk=iphoneos*]" = "iPhone Developer";
				COPY_PHASE_STRIP = NO;
				DEBUG_INFORMATION_FORMAT = dwarf;
				ENABLE_STRICT_OBJC_MSGSEND = YES;
				ENABLE_TESTABILITY = YES;
				GCC_C_LANGUAGE_STANDARD = gnu99;
				GCC_DYNAMIC_NO_PIC = NO;
				GCC_NO_COMMON_BLOCKS = YES;
				GCC_OPTIMIZATION_LEVEL = 0;
				GCC_PREPROCESSOR_DEFINITIONS = (
					"DEBUG=1",
					"$(inherited)",
				);
				GCC_WARN_64_TO_32_BIT_CONVERSION = YES;
				GCC_WARN_ABOUT_RETURN_TYPE = YES_ERROR;
				GCC_WARN_UNDECLARED_SELECTOR = YES;
				GCC_WARN_UNINITIALIZED_AUTOS = YES_AGGRESSIVE;
				GCC_WARN_UNUSED_FUNCTION = YES;
				GCC_WARN_UNUSED_VARIABLE = YES;
				IPHONEOS_DEPLOYMENT_TARGET = 10.3;
				MTL_ENABLE_DEBUG_INFO = YES;
				ONLY_ACTIVE_ARCH = YES;
				SDKROOT = iphoneos;
				SWIFT_ACTIVE_COMPILATION_CONDITIONS = DEBUG;
				SWIFT_OPTIMIZATION_LEVEL = "-Onone";
			};
			name = Debug;
		};
		84B984261F4812DE00E7F337 /* Release */ = {
			isa = XCBuildConfiguration;
			buildSettings = {
				ALWAYS_SEARCH_USER_PATHS = NO;
				CLANG_ANALYZER_NONNULL = YES;
				CLANG_ANALYZER_NUMBER_OBJECT_CONVERSION = YES_AGGRESSIVE;
				CLANG_CXX_LANGUAGE_STANDARD = "gnu++0x";
				CLANG_CXX_LIBRARY = "libc++";
				CLANG_ENABLE_MODULES = YES;
				CLANG_ENABLE_OBJC_ARC = YES;
				CLANG_WARN_BOOL_CONVERSION = YES;
				CLANG_WARN_CONSTANT_CONVERSION = YES;
				CLANG_WARN_DIRECT_OBJC_ISA_USAGE = YES_ERROR;
				CLANG_WARN_DOCUMENTATION_COMMENTS = YES;
				CLANG_WARN_EMPTY_BODY = YES;
				CLANG_WARN_ENUM_CONVERSION = YES;
				CLANG_WARN_INFINITE_RECURSION = YES;
				CLANG_WARN_INT_CONVERSION = YES;
				CLANG_WARN_OBJC_ROOT_CLASS = YES_ERROR;
				CLANG_WARN_SUSPICIOUS_MOVE = YES;
				CLANG_WARN_UNREACHABLE_CODE = YES;
				CLANG_WARN__DUPLICATE_METHOD_MATCH = YES;
				"CODE_SIGN_IDENTITY[sdk=iphoneos*]" = "iPhone Developer";
				COPY_PHASE_STRIP = NO;
				DEBUG_INFORMATION_FORMAT = "dwarf-with-dsym";
				ENABLE_NS_ASSERTIONS = NO;
				ENABLE_STRICT_OBJC_MSGSEND = YES;
				GCC_C_LANGUAGE_STANDARD = gnu99;
				GCC_NO_COMMON_BLOCKS = YES;
				GCC_WARN_64_TO_32_BIT_CONVERSION = YES;
				GCC_WARN_ABOUT_RETURN_TYPE = YES_ERROR;
				GCC_WARN_UNDECLARED_SELECTOR = YES;
				GCC_WARN_UNINITIALIZED_AUTOS = YES_AGGRESSIVE;
				GCC_WARN_UNUSED_FUNCTION = YES;
				GCC_WARN_UNUSED_VARIABLE = YES;
				IPHONEOS_DEPLOYMENT_TARGET = 10.3;
				MTL_ENABLE_DEBUG_INFO = NO;
				SDKROOT = iphoneos;
				SWIFT_OPTIMIZATION_LEVEL = "-Owholemodule";
				VALIDATE_PRODUCT = YES;
			};
			name = Release;
		};
		84B984281F4812DE00E7F337 /* Debug */ = {
			isa = XCBuildConfiguration;
			baseConfigurationReference = B8A9550749A41E8C313FBE15 /* Pods-appTuukuul.debug.xcconfig */;
			buildSettings = {
				ASSETCATALOG_COMPILER_APPICON_NAME = AppIcon;
				ASSETCATALOG_COMPILER_LAUNCHIMAGE_NAME = LaunchImage;
				DEVELOPMENT_TEAM = XSFS8X2N87;
				INFOPLIST_FILE = appTuukuul/Info.plist;
				IPHONEOS_DEPLOYMENT_TARGET = 11.1;
				LD_RUNPATH_SEARCH_PATHS = "$(inherited) @executable_path/Frameworks";
				PRODUCT_BUNDLE_IDENTIFIER = miguelreina.appTuukuul;
				PRODUCT_NAME = "$(TARGET_NAME)";
				SWIFT_VERSION = 3.0;
			};
			name = Debug;
		};
		84B984291F4812DE00E7F337 /* Release */ = {
			isa = XCBuildConfiguration;
			baseConfigurationReference = DF8AB154B3B1DC4BD1FD3094 /* Pods-appTuukuul.release.xcconfig */;
			buildSettings = {
				ASSETCATALOG_COMPILER_APPICON_NAME = AppIcon;
				ASSETCATALOG_COMPILER_LAUNCHIMAGE_NAME = LaunchImage;
				DEVELOPMENT_TEAM = XSFS8X2N87;
				INFOPLIST_FILE = appTuukuul/Info.plist;
				IPHONEOS_DEPLOYMENT_TARGET = 11.1;
				LD_RUNPATH_SEARCH_PATHS = "$(inherited) @executable_path/Frameworks";
				PRODUCT_BUNDLE_IDENTIFIER = miguelreina.appTuukuul;
				PRODUCT_NAME = "$(TARGET_NAME)";
				SWIFT_VERSION = 3.0;
			};
			name = Release;
		};
		84B9842B1F4812DE00E7F337 /* Debug */ = {
			isa = XCBuildConfiguration;
			buildSettings = {
				ALWAYS_EMBED_SWIFT_STANDARD_LIBRARIES = YES;
				BUNDLE_LOADER = "$(TEST_HOST)";
				DEVELOPMENT_TEAM = 42R6MX9256;
				INFOPLIST_FILE = appTuukuulTests/Info.plist;
				LD_RUNPATH_SEARCH_PATHS = "$(inherited) @executable_path/Frameworks @loader_path/Frameworks";
				PRODUCT_BUNDLE_IDENTIFIER = miguelreina.appTuukuulTests;
				PRODUCT_NAME = "$(TARGET_NAME)";
				SWIFT_VERSION = 3.0;
				TEST_HOST = "$(BUILT_PRODUCTS_DIR)/appTuukuul.app/appTuukuul";
			};
			name = Debug;
		};
		84B9842C1F4812DE00E7F337 /* Release */ = {
			isa = XCBuildConfiguration;
			buildSettings = {
				ALWAYS_EMBED_SWIFT_STANDARD_LIBRARIES = YES;
				BUNDLE_LOADER = "$(TEST_HOST)";
				DEVELOPMENT_TEAM = 42R6MX9256;
				INFOPLIST_FILE = appTuukuulTests/Info.plist;
				LD_RUNPATH_SEARCH_PATHS = "$(inherited) @executable_path/Frameworks @loader_path/Frameworks";
				PRODUCT_BUNDLE_IDENTIFIER = miguelreina.appTuukuulTests;
				PRODUCT_NAME = "$(TARGET_NAME)";
				SWIFT_VERSION = 3.0;
				TEST_HOST = "$(BUILT_PRODUCTS_DIR)/appTuukuul.app/appTuukuul";
			};
			name = Release;
		};
		84B9842E1F4812DE00E7F337 /* Debug */ = {
			isa = XCBuildConfiguration;
			buildSettings = {
				ALWAYS_EMBED_SWIFT_STANDARD_LIBRARIES = YES;
				DEVELOPMENT_TEAM = 42R6MX9256;
				INFOPLIST_FILE = appTuukuulUITests/Info.plist;
				LD_RUNPATH_SEARCH_PATHS = "$(inherited) @executable_path/Frameworks @loader_path/Frameworks";
				PRODUCT_BUNDLE_IDENTIFIER = miguelreina.appTuukuulUITests;
				PRODUCT_NAME = "$(TARGET_NAME)";
				SWIFT_VERSION = 3.0;
				TEST_TARGET_NAME = appTuukuul;
			};
			name = Debug;
		};
		84B9842F1F4812DE00E7F337 /* Release */ = {
			isa = XCBuildConfiguration;
			buildSettings = {
				ALWAYS_EMBED_SWIFT_STANDARD_LIBRARIES = YES;
				DEVELOPMENT_TEAM = 42R6MX9256;
				INFOPLIST_FILE = appTuukuulUITests/Info.plist;
				LD_RUNPATH_SEARCH_PATHS = "$(inherited) @executable_path/Frameworks @loader_path/Frameworks";
				PRODUCT_BUNDLE_IDENTIFIER = miguelreina.appTuukuulUITests;
				PRODUCT_NAME = "$(TARGET_NAME)";
				SWIFT_VERSION = 3.0;
				TEST_TARGET_NAME = appTuukuul;
			};
			name = Release;
		};
/* End XCBuildConfiguration section */

/* Begin XCConfigurationList section */
		84B983FA1F4812DD00E7F337 /* Build configuration list for PBXProject "appTuukuul" */ = {
			isa = XCConfigurationList;
			buildConfigurations = (
				84B984251F4812DE00E7F337 /* Debug */,
				84B984261F4812DE00E7F337 /* Release */,
			);
			defaultConfigurationIsVisible = 0;
			defaultConfigurationName = Release;
		};
		84B984271F4812DE00E7F337 /* Build configuration list for PBXNativeTarget "appTuukuul" */ = {
			isa = XCConfigurationList;
			buildConfigurations = (
				84B984281F4812DE00E7F337 /* Debug */,
				84B984291F4812DE00E7F337 /* Release */,
			);
			defaultConfigurationIsVisible = 0;
			defaultConfigurationName = Release;
		};
		84B9842A1F4812DE00E7F337 /* Build configuration list for PBXNativeTarget "appTuukuulTests" */ = {
			isa = XCConfigurationList;
			buildConfigurations = (
				84B9842B1F4812DE00E7F337 /* Debug */,
				84B9842C1F4812DE00E7F337 /* Release */,
			);
			defaultConfigurationIsVisible = 0;
			defaultConfigurationName = Release;
		};
		84B9842D1F4812DE00E7F337 /* Build configuration list for PBXNativeTarget "appTuukuulUITests" */ = {
			isa = XCConfigurationList;
			buildConfigurations = (
				84B9842E1F4812DE00E7F337 /* Debug */,
				84B9842F1F4812DE00E7F337 /* Release */,
			);
			defaultConfigurationIsVisible = 0;
			defaultConfigurationName = Release;
		};
/* End XCConfigurationList section */
	};
	rootObject = 84B983F71F4812DD00E7F337 /* Project object */;
}
